
Microsoft Visual Studio Solution File, Format Version 12.00
# Visual Studio 14
VisualStudioVersion = 14.0.25123.0
MinimumVisualStudioVersion = 10.0.40219.1
Project("{FAE04EC0-301F-11D3-BF4B-00C04F79EFBC}") = "DictionaryDemo", "Collesctions\DictionaryDemo.csproj", "{F4385B43-D517-4C10-B936-1066528B9E1C}"
EndProject
Project("{FAE04EC0-301F-11D3-BF4B-00C04F79EFBC}") = "XmlDemo", "XmlDemo\XmlDemo.csproj", "{29AD7960-66C8-4D88-AA65-D2E5BF801DE6}"
EndProject
Global
	GlobalSection(SolutionConfigurationPlatforms) = preSolution
		Debug|Any CPU = Debug|Any CPU
		Release|Any CPU = Release|Any CPU
	EndGlobalSection
	GlobalSection(ProjectConfigurationPlatforms) = postSolution
		{F4385B43-D517-4C10-B936-1066528B9E1C}.Debug|Any CPU.ActiveCfg = Debug|Any CPU
		{F4385B43-D517-4C10-B936-1066528B9E1C}.Debug|Any CPU.Build.0 = Debug|Any CPU
		{F4385B43-D517-4C10-B936-1066528B9E1C}.Release|Any CPU.ActiveCfg = Release|Any CPU
		{F4385B43-D517-4C10-B936-1066528B9E1C}.Release|Any CPU.Build.0 = Release|Any CPU
		{29AD7960-66C8-4D88-AA65-D2E5BF801DE6}.Debug|Any CPU.ActiveCfg = Debug|Any CPU
		{29AD7960-66C8-4D88-AA65-D2E5BF801DE6}.Debug|Any CPU.Build.0 = Debug|Any CPU
		{29AD7960-66C8-4D88-AA65-D2E5BF801DE6}.Release|Any CPU.ActiveCfg = Release|Any CPU
		{29AD7960-66C8-4D88-AA65-D2E5BF801DE6}.Release|Any CPU.Build.0 = Release|Any CPU
	EndGlobalSection
	GlobalSection(SolutionProperties) = preSolution
		HideSolutionNode = FALSE
	EndGlobalSection
EndGlobal
